// !$*UTF8*$!
{
	archiveVersion = 1;
	classes = {
	};
	objectVersion = 77;
	objects = {

/* Begin PBXBuildFile section */
		015F6AFCB7E44CD524CD45FB /* ImageStorageTests.swift in Sources */ = {isa = PBXBuildFile; fileRef = BB3E3AEDB1137BDD2F31FA85 /* ImageStorageTests.swift */; };
		0418C3486D2FBD3908758E5C /* Tag.swift in Sources */ = {isa = PBXBuildFile; fileRef = EC84EAD674ADB8FC9DF0F7BC /* Tag.swift */; };
		055A727AD6959252460C8B34 /* TagChipStackTests.swift in Sources */ = {isa = PBXBuildFile; fileRef = 09A31D744B299F2270708CBD /* TagChipStackTests.swift */; };
		05B522BBFEF4D65D6406CD6B /* ServiceProtocols.swift in Sources */ = {isa = PBXBuildFile; fileRef = 50DFCD74156527865D80F825 /* ServiceProtocols.swift */; };
		06C5686BE8DC751A264BAA96 /* SidebarTagRow.swift in Sources */ = {isa = PBXBuildFile; fileRef = D40D56734E97E291C6762F45 /* SidebarTagRow.swift */; };
		138C340D07ADB674B5C48BE0 /* TagPickerLogicTests.swift in Sources */ = {isa = PBXBuildFile; fileRef = D3AD63BCFD147D053894F30A /* TagPickerLogicTests.swift */; };
		17DD4FBBF0E756DA8D26C43C /* CryptoServiceTests.swift in Sources */ = {isa = PBXBuildFile; fileRef = B9F81D7D47A2B792F43987DE /* CryptoServiceTests.swift */; };
		208F4BF6E430F102A46772DE /* TagChipStack.swift in Sources */ = {isa = PBXBuildFile; fileRef = B24088F3A6601E3C8E2EC1F6 /* TagChipStack.swift */; };
		269F1A9BFA88C2439590FF02 /* TagTests.swift in Sources */ = {isa = PBXBuildFile; fileRef = C732B2DADEA223B75739B44E /* TagTests.swift */; };
		282BB5C167E6660EE11B9A26 /* ClipboardItemRow.swift in Sources */ = {isa = PBXBuildFile; fileRef = B8C18FA6F2B01EF7E6E43F72 /* ClipboardItemRow.swift */; };
		307DEAA710C13CDCC41CD310 /* WindowManagerTests.swift in Sources */ = {isa = PBXBuildFile; fileRef = 4DEE0209000FB7DCDF7C7D7C /* WindowManagerTests.swift */; };
		31703362387388224F14C74C /* TipsView.swift in Sources */ = {isa = PBXBuildFile; fileRef = E43B0B34746697091DC83794 /* TipsView.swift */; };
		327D4E28765DDBA110807CBC /* ClipboardMonitorTests.swift in Sources */ = {isa = PBXBuildFile; fileRef = 162510951570AB9FC4207B0F /* ClipboardMonitorTests.swift */; };
		38A15F5CDD3D5D10782D3B85 /* TagChip.swift in Sources */ = {isa = PBXBuildFile; fileRef = A3E34CEE9BF8F658996168D5 /* TagChip.swift */; };
		3F86CCA09C748C2CC0687BD8 /* ClipboardMonitor.swift in Sources */ = {isa = PBXBuildFile; fileRef = F180418B42AA03636D90BCA9 /* ClipboardMonitor.swift */; };
		414FB5F0ACA73DDFF4562450 /* ClipboardItemTests.swift in Sources */ = {isa = PBXBuildFile; fileRef = D4B0ED102287F5F6BAD23F2F /* ClipboardItemTests.swift */; };
		4D21B894BBC408664F1CF2D4 /* FlowLayout.swift in Sources */ = {isa = PBXBuildFile; fileRef = BDF83CE3799A1C6382C0CF3D /* FlowLayout.swift */; };
		4E3B3A3265DFB035AF5126DA /* SensitiveDetectorTests.swift in Sources */ = {isa = PBXBuildFile; fileRef = 6C9E730F43E2C2EFDCABE2BC /* SensitiveDetectorTests.swift */; };
		5471B4D6439F9B57C50A37BA /* Assets.xcassets in Resources */ = {isa = PBXBuildFile; fileRef = E8D75A92FDF0E0DE3ACCDF12 /* Assets.xcassets */; };
		54EB58BA9A8F29C3E48C7DE6 /* ImageStorage.swift in Sources */ = {isa = PBXBuildFile; fileRef = D3153EAFCF0B2690D5DEB113 /* ImageStorage.swift */; };
		54F261AE8D07081366242530 /* SidebarTagFilterTests.swift in Sources */ = {isa = PBXBuildFile; fileRef = B5EAC4F5E1486DD5DCF3E690 /* SidebarTagFilterTests.swift */; };
		62C5F5C7A987756BC54DA5A3 /* KeyCaptureView.swift in Sources */ = {isa = PBXBuildFile; fileRef = 901900D40CAF1527A6AEE527 /* KeyCaptureView.swift */; };
		680A6DBC49D7A6C7AADE7DBB /* WindowManager.swift in Sources */ = {isa = PBXBuildFile; fileRef = 84072C9393127BAA49827196 /* WindowManager.swift */; };
		68A5470D43D3DC52FC731B8A /* LogoView.swift in Sources */ = {isa = PBXBuildFile; fileRef = 39AEF14CE6FF2688FFE2407F /* LogoView.swift */; };
		6AC71D8A8F44EA37B7F7F486 /* TagPickerLogic.swift in Sources */ = {isa = PBXBuildFile; fileRef = C72273B00BF3BBC48397B157 /* TagPickerLogic.swift */; };
		75B8EB8E40E9E24D5A74C858 /* SidebarTagFilter.swift in Sources */ = {isa = PBXBuildFile; fileRef = 6C34BF23E51FBB908BA8B075 /* SidebarTagFilter.swift */; };
		7ABA4BDB3BC1036DA760C3D1 /* AppPickerRow.swift in Sources */ = {isa = PBXBuildFile; fileRef = AB976C62E716CABD3A02505F /* AppPickerRow.swift */; };
		7B94EA436B48E0E9CCCA9C91 /* IntegrationTests.swift in Sources */ = {isa = PBXBuildFile; fileRef = F63B98DB67D54A9850C61262 /* IntegrationTests.swift */; };
		7D06F010CEA290AA290A0335 /* ClipboardStoreTrashTests.swift in Sources */ = {isa = PBXBuildFile; fileRef = 5B4E6D5E6E7DBF88457A6077 /* ClipboardStoreTrashTests.swift */; };
		7F23EF5F15D0EE3F180A79E3 /* main.swift in Sources */ = {isa = PBXBuildFile; fileRef = 2AB1C7BD0454681ABF687DF9 /* main.swift */; };
		81520509F9D37309F19E9B2B /* TagPickerSheet.swift in Sources */ = {isa = PBXBuildFile; fileRef = C9CFDA4DE370490B4369B899 /* TagPickerSheet.swift */; };
		83892A798C8F07BCB2A87488 /* LanguageManager.swift in Sources */ = {isa = PBXBuildFile; fileRef = B185E481A34967FB1CC7F192 /* LanguageManager.swift */; };
		8AE3D6EABA7C52180921E9EE /* AppVersion.swift in Sources */ = {isa = PBXBuildFile; fileRef = 576BC9BCA44C3479F2691F5B /* AppVersion.swift */; };
		919909C13EFD40D730CCD15E /* ContentView.swift in Sources */ = {isa = PBXBuildFile; fileRef = A060CA837242FD57B25DFFD9 /* ContentView.swift */; };
		93109F965CEB492A3D5BA11F /* NewTagSheet.swift in Sources */ = {isa = PBXBuildFile; fileRef = 081BAA0119F98837C5398BFA /* NewTagSheet.swift */; };
		A0EB5CF9B762950F8A8B0842 /* HotKeyManagerTests.swift in Sources */ = {isa = PBXBuildFile; fileRef = E25EBD3BBAD32C1A9B6ADFDA /* HotKeyManagerTests.swift */; };
		A1B5889D4E6AD5DC1F5BDFE4 /* ReleaseReadinessTests.swift in Sources */ = {isa = PBXBuildFile; fileRef = 6194DA49D7A0164283389CEF /* ReleaseReadinessTests.swift */; };
		A9458EE0D526D8B63812E216 /* AppDelegate.swift in Sources */ = {isa = PBXBuildFile; fileRef = C816574DD183240D08D58A64 /* AppDelegate.swift */; };
		A9DC6DB797E74F073944C008 /* ClipboardMonitorDelegate.swift in Sources */ = {isa = PBXBuildFile; fileRef = 0494294A654E1B59A1072CE4 /* ClipboardMonitorDelegate.swift */; };
		AEDADD5501035A250ED77887 /* TrashItemRow.swift in Sources */ = {isa = PBXBuildFile; fileRef = 14ED4AF1FE79FF40252DEF61 /* TrashItemRow.swift */; };
		B262EF7A5FC194FCDFACED79 /* StorageBackend.swift in Sources */ = {isa = PBXBuildFile; fileRef = 9168850C81327649C0142FD4 /* StorageBackend.swift */; };
		B27B2167A30C48F86AC9423D /* NewTagLogic.swift in Sources */ = {isa = PBXBuildFile; fileRef = EF4F9F675E7C7347B75229CC /* NewTagLogic.swift */; };
		B5E8195E9EA0DB0AD0C8C23D /* WelcomeView.swift in Sources */ = {isa = PBXBuildFile; fileRef = 8736B83768848E6CBB1834EA /* WelcomeView.swift */; };
		BB9FF1079BD872DBDAC1B04E /* DateHelpers.swift in Sources */ = {isa = PBXBuildFile; fileRef = 0241038F2EDC1BDE095706D8 /* DateHelpers.swift */; };
		BF8CC00B3E0A62207FBAE413 /* ClipboardStore.swift in Sources */ = {isa = PBXBuildFile; fileRef = 4499CFF1A5F60ED377D402EB /* ClipboardStore.swift */; };
		BF99838DB5542B7C90464048 /* HotKeyManager.swift in Sources */ = {isa = PBXBuildFile; fileRef = 57CCB6D91997FD344D04495D /* HotKeyManager.swift */; };
		C431096E0E6E1E3109E5BB97 /* TagSuggestion.swift in Sources */ = {isa = PBXBuildFile; fileRef = 45B25AAEAD7B96A95D89746C /* TagSuggestion.swift */; };
		C47E38577908698BFCED810A /* FontScaling.swift in Sources */ = {isa = PBXBuildFile; fileRef = 7027A04305067DB8A8656FC9 /* FontScaling.swift */; };
		CA65D74CB492C0091B80457F /* QuickBarView.swift in Sources */ = {isa = PBXBuildFile; fileRef = A7F26B268CA5CF8662C3C930 /* QuickBarView.swift */; };
		CFAB8A339B7A88AA06E4FF28 /* LocalizationService.swift in Sources */ = {isa = PBXBuildFile; fileRef = 1258099BA9879D8EF6A6F980 /* LocalizationService.swift */; };
		E0C4844592EA65246C9EC5C5 /* ClipboardItemRowTests.swift in Sources */ = {isa = PBXBuildFile; fileRef = 3837DC25F85BAAC0D17B957C /* ClipboardItemRowTests.swift */; };
		E2D37FD02B4E86B5F2E4DAAD /* ColorHex.swift in Sources */ = {isa = PBXBuildFile; fileRef = D4560EAC04CA68AA001CAE65 /* ColorHex.swift */; };
		E4E018508855F4D12CE92115 /* DateFilterButton.swift in Sources */ = {isa = PBXBuildFile; fileRef = 12B9F675BF991916E52B8FE2 /* DateFilterButton.swift */; };
		E77E5CDEAD35A99186F367F2 /* ClipboardItem.swift in Sources */ = {isa = PBXBuildFile; fileRef = 1E73A6EE834EA648971BFC98 /* ClipboardItem.swift */; };
		EC9B8E180D5B18F679F1E86D /* CryptoService.swift in Sources */ = {isa = PBXBuildFile; fileRef = 8F250C19E7199E18D95521A3 /* CryptoService.swift */; };
		EDD4772BEACF49926B32ECA9 /* ConcurrencyTests.swift in Sources */ = {isa = PBXBuildFile; fileRef = A7A21DECBCDF8EB0C7D56936 /* ConcurrencyTests.swift */; };
		F9142E898BD5660C9E087A88 /* Localizable.strings in Resources */ = {isa = PBXBuildFile; fileRef = 031A31F7A3F610D547F9908B /* Localizable.strings */; };
		F9D0CA5FF9ADDF71F71F9F72 /* NewTagLogicTests.swift in Sources */ = {isa = PBXBuildFile; fileRef = 67B0F06D9FC3DEEF030857E5 /* NewTagLogicTests.swift */; };
/* End PBXBuildFile section */

/* Begin PBXContainerItemProxy section */
		F26AF1345281B26F6E530112 /* PBXContainerItemProxy */ = {
			isa = PBXContainerItemProxy;
			containerPortal = F6943602E59D97E7377BC388 /* Project object */;
			proxyType = 1;
			remoteGlobalIDString = 9987ADA675CFD544E6EE71FE;
			remoteInfo = ClipMemory;
		};
/* End PBXContainerItemProxy section */

/* Begin PBXFileReference section */
		0241038F2EDC1BDE095706D8 /* DateHelpers.swift */ = {isa = PBXFileReference; lastKnownFileType = sourcecode.swift; path = DateHelpers.swift; sourceTree = "<group>"; };
		041EF969E5FDC60DD678DFD3 /* Info.plist */ = {isa = PBXFileReference; lastKnownFileType = text.plist; path = Info.plist; sourceTree = "<group>"; };
		0494294A654E1B59A1072CE4 /* ClipboardMonitorDelegate.swift */ = {isa = PBXFileReference; lastKnownFileType = sourcecode.swift; path = ClipboardMonitorDelegate.swift; sourceTree = "<group>"; };
		081BAA0119F98837C5398BFA /* NewTagSheet.swift */ = {isa = PBXFileReference; lastKnownFileType = sourcecode.swift; path = NewTagSheet.swift; sourceTree = "<group>"; };
		09A31D744B299F2270708CBD /* TagChipStackTests.swift */ = {isa = PBXFileReference; lastKnownFileType = sourcecode.swift; path = TagChipStackTests.swift; sourceTree = "<group>"; };
		0C9963FD4A541FEC742939FC /* pt */ = {isa = PBXFileReference; lastKnownFileType = text.plist.strings; name = pt; path = pt.lproj/Localizable.strings; sourceTree = "<group>"; };
		1258099BA9879D8EF6A6F980 /* LocalizationService.swift */ = {isa = PBXFileReference; lastKnownFileType = sourcecode.swift; path = LocalizationService.swift; sourceTree = "<group>"; };
		12B9F675BF991916E52B8FE2 /* DateFilterButton.swift */ = {isa = PBXFileReference; lastKnownFileType = sourcecode.swift; path = DateFilterButton.swift; sourceTree = "<group>"; };
		14ED4AF1FE79FF40252DEF61 /* TrashItemRow.swift */ = {isa = PBXFileReference; lastKnownFileType = sourcecode.swift; path = TrashItemRow.swift; sourceTree = "<group>"; };
		162510951570AB9FC4207B0F /* ClipboardMonitorTests.swift */ = {isa = PBXFileReference; lastKnownFileType = sourcecode.swift; path = ClipboardMonitorTests.swift; sourceTree = "<group>"; };
		1A8ED97CA49FF8F747A96CBF /* zh-Hant */ = {isa = PBXFileReference; lastKnownFileType = text.plist.strings; name = "zh-Hant"; path = "zh-Hant.lproj/Localizable.strings"; sourceTree = "<group>"; };
		1E73A6EE834EA648971BFC98 /* ClipboardItem.swift */ = {isa = PBXFileReference; lastKnownFileType = sourcecode.swift; path = ClipboardItem.swift; sourceTree = "<group>"; };
		2AB1C7BD0454681ABF687DF9 /* main.swift */ = {isa = PBXFileReference; lastKnownFileType = sourcecode.swift; path = main.swift; sourceTree = "<group>"; };
		328C384747141E7DB4D8F7C3 /* es */ = {isa = PBXFileReference; lastKnownFileType = text.plist.strings; name = es; path = es.lproj/Localizable.strings; sourceTree = "<group>"; };
		3837DC25F85BAAC0D17B957C /* ClipboardItemRowTests.swift */ = {isa = PBXFileReference; lastKnownFileType = sourcecode.swift; path = ClipboardItemRowTests.swift; sourceTree = "<group>"; };
		39A66E3A5ABC7317320C7A62 /* zh-Hans */ = {isa = PBXFileReference; lastKnownFileType = text.plist.strings; name = "zh-Hans"; path = "zh-Hans.lproj/Localizable.strings"; sourceTree = "<group>"; };
		39AEF14CE6FF2688FFE2407F /* LogoView.swift */ = {isa = PBXFileReference; lastKnownFileType = sourcecode.swift; path = LogoView.swift; sourceTree = "<group>"; };
		443EB217154D9B586C055F7D /* ko */ = {isa = PBXFileReference; lastKnownFileType = text.plist.strings; name = ko; path = ko.lproj/Localizable.strings; sourceTree = "<group>"; };
		4499CFF1A5F60ED377D402EB /* ClipboardStore.swift */ = {isa = PBXFileReference; lastKnownFileType = sourcecode.swift; path = ClipboardStore.swift; sourceTree = "<group>"; };
		45B25AAEAD7B96A95D89746C /* TagSuggestion.swift */ = {isa = PBXFileReference; lastKnownFileType = sourcecode.swift; path = TagSuggestion.swift; sourceTree = "<group>"; };
		4DEE0209000FB7DCDF7C7D7C /* WindowManagerTests.swift */ = {isa = PBXFileReference; lastKnownFileType = sourcecode.swift; path = WindowManagerTests.swift; sourceTree = "<group>"; };
		50DFCD74156527865D80F825 /* ServiceProtocols.swift */ = {isa = PBXFileReference; lastKnownFileType = sourcecode.swift; path = ServiceProtocols.swift; sourceTree = "<group>"; };
		576BC9BCA44C3479F2691F5B /* AppVersion.swift */ = {isa = PBXFileReference; lastKnownFileType = sourcecode.swift; path = AppVersion.swift; sourceTree = "<group>"; };
		57CCB6D91997FD344D04495D /* HotKeyManager.swift */ = {isa = PBXFileReference; lastKnownFileType = sourcecode.swift; path = HotKeyManager.swift; sourceTree = "<group>"; };
		5B4E6D5E6E7DBF88457A6077 /* ClipboardStoreTrashTests.swift */ = {isa = PBXFileReference; lastKnownFileType = sourcecode.swift; path = ClipboardStoreTrashTests.swift; sourceTree = "<group>"; };
		5FA613C869D9CDC57944F917 /* ClipMemory.entitlements */ = {isa = PBXFileReference; lastKnownFileType = text.plist.entitlements; path = ClipMemory.entitlements; sourceTree = "<group>"; };
		6194DA49D7A0164283389CEF /* ReleaseReadinessTests.swift */ = {isa = PBXFileReference; lastKnownFileType = sourcecode.swift; path = ReleaseReadinessTests.swift; sourceTree = "<group>"; };
		67B0F06D9FC3DEEF030857E5 /* NewTagLogicTests.swift */ = {isa = PBXFileReference; lastKnownFileType = sourcecode.swift; path = NewTagLogicTests.swift; sourceTree = "<group>"; };
		6C34BF23E51FBB908BA8B075 /* SidebarTagFilter.swift */ = {isa = PBXFileReference; lastKnownFileType = sourcecode.swift; path = SidebarTagFilter.swift; sourceTree = "<group>"; };
		6C9E730F43E2C2EFDCABE2BC /* SensitiveDetectorTests.swift */ = {isa = PBXFileReference; lastKnownFileType = sourcecode.swift; path = SensitiveDetectorTests.swift; sourceTree = "<group>"; };
		7027A04305067DB8A8656FC9 /* FontScaling.swift */ = {isa = PBXFileReference; lastKnownFileType = sourcecode.swift; path = FontScaling.swift; sourceTree = "<group>"; };
		814FC521762331411B0823A5 /* ClipMemoryTests.entitlements */ = {isa = PBXFileReference; lastKnownFileType = text.plist.entitlements; path = ClipMemoryTests.entitlements; sourceTree = "<group>"; };
		84072C9393127BAA49827196 /* WindowManager.swift */ = {isa = PBXFileReference; lastKnownFileType = sourcecode.swift; path = WindowManager.swift; sourceTree = "<group>"; };
		8736B83768848E6CBB1834EA /* WelcomeView.swift */ = {isa = PBXFileReference; lastKnownFileType = sourcecode.swift; path = WelcomeView.swift; sourceTree = "<group>"; };
		8F250C19E7199E18D95521A3 /* CryptoService.swift */ = {isa = PBXFileReference; lastKnownFileType = sourcecode.swift; path = CryptoService.swift; sourceTree = "<group>"; };
		901900D40CAF1527A6AEE527 /* KeyCaptureView.swift */ = {isa = PBXFileReference; lastKnownFileType = sourcecode.swift; path = KeyCaptureView.swift; sourceTree = "<group>"; };
		9168850C81327649C0142FD4 /* StorageBackend.swift */ = {isa = PBXFileReference; lastKnownFileType = sourcecode.swift; path = StorageBackend.swift; sourceTree = "<group>"; };
		A060CA837242FD57B25DFFD9 /* ContentView.swift */ = {isa = PBXFileReference; lastKnownFileType = sourcecode.swift; path = ContentView.swift; sourceTree = "<group>"; };
		A3E34CEE9BF8F658996168D5 /* TagChip.swift */ = {isa = PBXFileReference; lastKnownFileType = sourcecode.swift; path = TagChip.swift; sourceTree = "<group>"; };
		A7A21DECBCDF8EB0C7D56936 /* ConcurrencyTests.swift */ = {isa = PBXFileReference; lastKnownFileType = sourcecode.swift; path = ConcurrencyTests.swift; sourceTree = "<group>"; };
		A7F26B268CA5CF8662C3C930 /* QuickBarView.swift */ = {isa = PBXFileReference; lastKnownFileType = sourcecode.swift; path = QuickBarView.swift; sourceTree = "<group>"; };
		AB976C62E716CABD3A02505F /* AppPickerRow.swift */ = {isa = PBXFileReference; lastKnownFileType = sourcecode.swift; path = AppPickerRow.swift; sourceTree = "<group>"; };
		B03BAB1E9E84361A3845CEA9 /* en */ = {isa = PBXFileReference; lastKnownFileType = text.plist.strings; name = en; path = en.lproj/Localizable.strings; sourceTree = "<group>"; };
		B185E481A34967FB1CC7F192 /* LanguageManager.swift */ = {isa = PBXFileReference; lastKnownFileType = sourcecode.swift; path = LanguageManager.swift; sourceTree = "<group>"; };
		B24088F3A6601E3C8E2EC1F6 /* TagChipStack.swift */ = {isa = PBXFileReference; lastKnownFileType = sourcecode.swift; path = TagChipStack.swift; sourceTree = "<group>"; };
		B5EAC4F5E1486DD5DCF3E690 /* SidebarTagFilterTests.swift */ = {isa = PBXFileReference; lastKnownFileType = sourcecode.swift; path = SidebarTagFilterTests.swift; sourceTree = "<group>"; };
		B8C18FA6F2B01EF7E6E43F72 /* ClipboardItemRow.swift */ = {isa = PBXFileReference; lastKnownFileType = sourcecode.swift; path = ClipboardItemRow.swift; sourceTree = "<group>"; };
		B9F81D7D47A2B792F43987DE /* CryptoServiceTests.swift */ = {isa = PBXFileReference; lastKnownFileType = sourcecode.swift; path = CryptoServiceTests.swift; sourceTree = "<group>"; };
		BB3E3AEDB1137BDD2F31FA85 /* ImageStorageTests.swift */ = {isa = PBXFileReference; lastKnownFileType = sourcecode.swift; path = ImageStorageTests.swift; sourceTree = "<group>"; };
		BDF83CE3799A1C6382C0CF3D /* FlowLayout.swift */ = {isa = PBXFileReference; lastKnownFileType = sourcecode.swift; path = FlowLayout.swift; sourceTree = "<group>"; };
		BE06FB3A83C605C9A635F08C /* ClipMemoryTests.xctest */ = {isa = PBXFileReference; explicitFileType = wrapper.cfbundle; includeInIndex = 0; path = ClipMemoryTests.xctest; sourceTree = BUILT_PRODUCTS_DIR; };
		C6D2821AF8DB1B3210BC7F41 /* ClipMemory.app */ = {isa = PBXFileReference; explicitFileType = wrapper.application; includeInIndex = 0; path = ClipMemory.app; sourceTree = BUILT_PRODUCTS_DIR; };
		C72273B00BF3BBC48397B157 /* TagPickerLogic.swift */ = {isa = PBXFileReference; lastKnownFileType = sourcecode.swift; path = TagPickerLogic.swift; sourceTree = "<group>"; };
		C732B2DADEA223B75739B44E /* TagTests.swift */ = {isa = PBXFileReference; lastKnownFileType = sourcecode.swift; path = TagTests.swift; sourceTree = "<group>"; };
		C816574DD183240D08D58A64 /* AppDelegate.swift */ = {isa = PBXFileReference; lastKnownFileType = sourcecode.swift; path = AppDelegate.swift; sourceTree = "<group>"; };
		C9CFDA4DE370490B4369B899 /* TagPickerSheet.swift */ = {isa = PBXFileReference; lastKnownFileType = sourcecode.swift; path = TagPickerSheet.swift; sourceTree = "<group>"; };
		D3153EAFCF0B2690D5DEB113 /* ImageStorage.swift */ = {isa = PBXFileReference; lastKnownFileType = sourcecode.swift; path = ImageStorage.swift; sourceTree = "<group>"; };
		D3AD63BCFD147D053894F30A /* TagPickerLogicTests.swift */ = {isa = PBXFileReference; lastKnownFileType = sourcecode.swift; path = TagPickerLogicTests.swift; sourceTree = "<group>"; };
		D40D56734E97E291C6762F45 /* SidebarTagRow.swift */ = {isa = PBXFileReference; lastKnownFileType = sourcecode.swift; path = SidebarTagRow.swift; sourceTree = "<group>"; };
		D4560EAC04CA68AA001CAE65 /* ColorHex.swift */ = {isa = PBXFileReference; lastKnownFileType = sourcecode.swift; path = ColorHex.swift; sourceTree = "<group>"; };
		D4B0ED102287F5F6BAD23F2F /* ClipboardItemTests.swift */ = {isa = PBXFileReference; lastKnownFileType = sourcecode.swift; path = ClipboardItemTests.swift; sourceTree = "<group>"; };
		E25EBD3BBAD32C1A9B6ADFDA /* HotKeyManagerTests.swift */ = {isa = PBXFileReference; lastKnownFileType = sourcecode.swift; path = HotKeyManagerTests.swift; sourceTree = "<group>"; };
		E43B0B34746697091DC83794 /* TipsView.swift */ = {isa = PBXFileReference; lastKnownFileType = sourcecode.swift; path = TipsView.swift; sourceTree = "<group>"; };
		E8D75A92FDF0E0DE3ACCDF12 /* Assets.xcassets */ = {isa = PBXFileReference; lastKnownFileType = folder.assetcatalog; path = Assets.xcassets; sourceTree = "<group>"; };
		EC84EAD674ADB8FC9DF0F7BC /* Tag.swift */ = {isa = PBXFileReference; lastKnownFileType = sourcecode.swift; path = Tag.swift; sourceTree = "<group>"; };
		EF4F9F675E7C7347B75229CC /* NewTagLogic.swift */ = {isa = PBXFileReference; lastKnownFileType = sourcecode.swift; path = NewTagLogic.swift; sourceTree = "<group>"; };
		F180418B42AA03636D90BCA9 /* ClipboardMonitor.swift */ = {isa = PBXFileReference; lastKnownFileType = sourcecode.swift; path = ClipboardMonitor.swift; sourceTree = "<group>"; };
		F63B98DB67D54A9850C61262 /* IntegrationTests.swift */ = {isa = PBXFileReference; lastKnownFileType = sourcecode.swift; path = IntegrationTests.swift; sourceTree = "<group>"; };
		F7519AADC0EF0620BA2EB0E9 /* ja */ = {isa = PBXFileReference; lastKnownFileType = text.plist.strings; name = ja; path = ja.lproj/Localizable.strings; sourceTree = "<group>"; };
		FCD6D7725E44DB26E42915AE /* Info.plist */ = {isa = PBXFileReference; lastKnownFileType = text.plist; path = Info.plist; sourceTree = "<group>"; };
/* End PBXFileReference section */

/* Begin PBXGroup section */
		18C4D4D6E145B80A1729AFF2 /* Views */ = {
			isa = PBXGroup;
			children = (
				D4560EAC04CA68AA001CAE65 /* ColorHex.swift */,
				A060CA837242FD57B25DFFD9 /* ContentView.swift */,
				901900D40CAF1527A6AEE527 /* KeyCaptureView.swift */,
				EF4F9F675E7C7347B75229CC /* NewTagLogic.swift */,
				081BAA0119F98837C5398BFA /* NewTagSheet.swift */,
				A7F26B268CA5CF8662C3C930 /* QuickBarView.swift */,
				6C34BF23E51FBB908BA8B075 /* SidebarTagFilter.swift */,
				C72273B00BF3BBC48397B157 /* TagPickerLogic.swift */,
				C9CFDA4DE370490B4369B899 /* TagPickerSheet.swift */,
				E43B0B34746697091DC83794 /* TipsView.swift */,
				14ED4AF1FE79FF40252DEF61 /* TrashItemRow.swift */,
				8736B83768848E6CBB1834EA /* WelcomeView.swift */,
				672CEC62C4341DAAC111AF69 /* Components */,
			);
			path = Views;
			sourceTree = "<group>";
		};
		2C1F1D179179031A984F43B8 /* Models */ = {
			isa = PBXGroup;
			children = (
				576BC9BCA44C3479F2691F5B /* AppVersion.swift */,
				1E73A6EE834EA648971BFC98 /* ClipboardItem.swift */,
				EC84EAD674ADB8FC9DF0F7BC /* Tag.swift */,
				45B25AAEAD7B96A95D89746C /* TagSuggestion.swift */,
			);
			path = Models;
			sourceTree = "<group>";
		};
		3C3D976217DDAFF8067D4AB9 /* ClipMemoryTests */ = {
			isa = PBXGroup;
			children = (
				3837DC25F85BAAC0D17B957C /* ClipboardItemRowTests.swift */,
				D4B0ED102287F5F6BAD23F2F /* ClipboardItemTests.swift */,
				162510951570AB9FC4207B0F /* ClipboardMonitorTests.swift */,
				5B4E6D5E6E7DBF88457A6077 /* ClipboardStoreTrashTests.swift */,
				814FC521762331411B0823A5 /* ClipMemoryTests.entitlements */,
				A7A21DECBCDF8EB0C7D56936 /* ConcurrencyTests.swift */,
				B9F81D7D47A2B792F43987DE /* CryptoServiceTests.swift */,
				E25EBD3BBAD32C1A9B6ADFDA /* HotKeyManagerTests.swift */,
				BB3E3AEDB1137BDD2F31FA85 /* ImageStorageTests.swift */,
				041EF969E5FDC60DD678DFD3 /* Info.plist */,
				F63B98DB67D54A9850C61262 /* IntegrationTests.swift */,
				67B0F06D9FC3DEEF030857E5 /* NewTagLogicTests.swift */,
				6194DA49D7A0164283389CEF /* ReleaseReadinessTests.swift */,
				6C9E730F43E2C2EFDCABE2BC /* SensitiveDetectorTests.swift */,
				B5EAC4F5E1486DD5DCF3E690 /* SidebarTagFilterTests.swift */,
				09A31D744B299F2270708CBD /* TagChipStackTests.swift */,
				D3AD63BCFD147D053894F30A /* TagPickerLogicTests.swift */,
				C732B2DADEA223B75739B44E /* TagTests.swift */,
				4DEE0209000FB7DCDF7C7D7C /* WindowManagerTests.swift */,
			);
			name = ClipMemoryTests;
			path = Tests/ClipMemoryTests;
			sourceTree = "<group>";
		};
		43A096F18B00E0E9AD2E1236 /* ClipMemory */ = {
			isa = PBXGroup;
			children = (
				C816574DD183240D08D58A64 /* AppDelegate.swift */,
				E8D75A92FDF0E0DE3ACCDF12 /* Assets.xcassets */,
				5FA613C869D9CDC57944F917 /* ClipMemory.entitlements */,
				FCD6D7725E44DB26E42915AE /* Info.plist */,
				2AB1C7BD0454681ABF687DF9 /* main.swift */,
				031A31F7A3F610D547F9908B /* Localizable.strings */,
				2C1F1D179179031A984F43B8 /* Models */,
				8FEB4250274A7A1F1235DAC5 /* Services */,
				689746282641EE7A0CB459D5 /* Utils */,
				18C4D4D6E145B80A1729AFF2 /* Views */,
			);
			path = ClipMemory;
			sourceTree = "<group>";
		};
		672CEC62C4341DAAC111AF69 /* Components */ = {
			isa = PBXGroup;
			children = (
				AB976C62E716CABD3A02505F /* AppPickerRow.swift */,
				B8C18FA6F2B01EF7E6E43F72 /* ClipboardItemRow.swift */,
				12B9F675BF991916E52B8FE2 /* DateFilterButton.swift */,
				BDF83CE3799A1C6382C0CF3D /* FlowLayout.swift */,
				39AEF14CE6FF2688FFE2407F /* LogoView.swift */,
				D40D56734E97E291C6762F45 /* SidebarTagRow.swift */,
				A3E34CEE9BF8F658996168D5 /* TagChip.swift */,
				B24088F3A6601E3C8E2EC1F6 /* TagChipStack.swift */,
			);
			path = Components;
			sourceTree = "<group>";
		};
		689746282641EE7A0CB459D5 /* Utils */ = {
			isa = PBXGroup;
			children = (
				0241038F2EDC1BDE095706D8 /* DateHelpers.swift */,
				7027A04305067DB8A8656FC9 /* FontScaling.swift */,
			);
			path = Utils;
			sourceTree = "<group>";
		};
		7F50B582619BAAEAD94F0557 /* Products */ = {
			isa = PBXGroup;
			children = (
				C6D2821AF8DB1B3210BC7F41 /* ClipMemory.app */,
				BE06FB3A83C605C9A635F08C /* ClipMemoryTests.xctest */,
			);
			name = Products;
			sourceTree = "<group>";
		};
		8FEB4250274A7A1F1235DAC5 /* Services */ = {
			isa = PBXGroup;
			children = (
				F180418B42AA03636D90BCA9 /* ClipboardMonitor.swift */,
				0494294A654E1B59A1072CE4 /* ClipboardMonitorDelegate.swift */,
				4499CFF1A5F60ED377D402EB /* ClipboardStore.swift */,
				8F250C19E7199E18D95521A3 /* CryptoService.swift */,
				57CCB6D91997FD344D04495D /* HotKeyManager.swift */,
				D3153EAFCF0B2690D5DEB113 /* ImageStorage.swift */,
				B185E481A34967FB1CC7F192 /* LanguageManager.swift */,
				1258099BA9879D8EF6A6F980 /* LocalizationService.swift */,
				50DFCD74156527865D80F825 /* ServiceProtocols.swift */,
				9168850C81327649C0142FD4 /* StorageBackend.swift */,
				84072C9393127BAA49827196 /* WindowManager.swift */,
			);
			path = Services;
			sourceTree = "<group>";
		};
		D11EC3C8F92A2F6C88208B57 = {
			isa = PBXGroup;
			children = (
				43A096F18B00E0E9AD2E1236 /* ClipMemory */,
				3C3D976217DDAFF8067D4AB9 /* ClipMemoryTests */,
				7F50B582619BAAEAD94F0557 /* Products */,
			);
			sourceTree = "<group>";
		};
/* End PBXGroup section */

/* Begin PBXNativeTarget section */
		5003435EAD025C59E8A279B4 /* ClipMemoryTests */ = {
			isa = PBXNativeTarget;
			buildConfigurationList = 2575727B0232060395DE9303 /* Build configuration list for PBXNativeTarget "ClipMemoryTests" */;
			buildPhases = (
				5538671AA3B3338E2847BE44 /* Sources */,
			);
			buildRules = (
			);
			dependencies = (
				FB8B30309E38F1335189D3AE /* PBXTargetDependency */,
			);
			name = ClipMemoryTests;
			packageProductDependencies = (
			);
			productName = ClipMemoryTests;
			productReference = BE06FB3A83C605C9A635F08C /* ClipMemoryTests.xctest */;
			productType = "com.apple.product-type.bundle.unit-test";
		};
		9987ADA675CFD544E6EE71FE /* ClipMemory */ = {
			isa = PBXNativeTarget;
			buildConfigurationList = 9079F144064022E30BA9BB91 /* Build configuration list for PBXNativeTarget "ClipMemory" */;
			buildPhases = (
				400C01C7CE932458CFE8F129 /* SwiftLint */,
				D1DDC7454E05F9AB4F29A47B /* Sources */,
				EAA072E26751BD22FC3FBD95 /* Resources */,
			);
			buildRules = (
			);
			dependencies = (
			);
			name = ClipMemory;
			packageProductDependencies = (
			);
			productName = ClipMemory;
			productReference = C6D2821AF8DB1B3210BC7F41 /* ClipMemory.app */;
			productType = "com.apple.product-type.application";
		};
/* End PBXNativeTarget section */

/* Begin PBXProject section */
		F6943602E59D97E7377BC388 /* Project object */ = {
			isa = PBXProject;
			attributes = {
				BuildIndependentTargetsInParallel = YES;
				LastUpgradeCheck = 1500;
				TargetAttributes = {
					5003435EAD025C59E8A279B4 = {
						DevelopmentTeam = "";
						ProvisioningStyle = Manual;
					};
					9987ADA675CFD544E6EE71FE = {
						DevelopmentTeam = "";
						ProvisioningStyle = Manual;
					};
				};
			};
			buildConfigurationList = BF0F62693ED1B7B47253AB05 /* Build configuration list for PBXProject "ClipMemory" */;
			developmentRegion = en;
			hasScannedForEncodings = 0;
			knownRegions = (
				Base,
				en,
				es,
				ja,
				ko,
				pt,
				"zh-Hans",
				"zh-Hant",
			);
			mainGroup = D11EC3C8F92A2F6C88208B57;
			minimizedProjectReferenceProxies = 1;
			preferredProjectObjectVersion = 77;
			productRefGroup = 7F50B582619BAAEAD94F0557 /* Products */;
			projectDirPath = "";
			projectRoot = "";
			targets = (
				9987ADA675CFD544E6EE71FE /* ClipMemory */,
				5003435EAD025C59E8A279B4 /* ClipMemoryTests */,
			);
		};
/* End PBXProject section */

/* Begin PBXResourcesBuildPhase section */
		EAA072E26751BD22FC3FBD95 /* Resources */ = {
			isa = PBXResourcesBuildPhase;
			buildActionMask = 2147483647;
			files = (
				5471B4D6439F9B57C50A37BA /* Assets.xcassets in Resources */,
				F9142E898BD5660C9E087A88 /* Localizable.strings in Resources */,
			);
			runOnlyForDeploymentPostprocessing = 0;
		};
/* End PBXResourcesBuildPhase section */

/* Begin PBXShellScriptBuildPhase section */
		400C01C7CE932458CFE8F129 /* SwiftLint */ = {
			isa = PBXShellScriptBuildPhase;
			alwaysOutOfDate = 1;
			buildActionMask = 2147483647;
			files = (
			);
			inputFileListPaths = (
			);
			inputPaths = (
			);
			name = SwiftLint;
			outputFileListPaths = (
			);
			outputPaths = (
			);
			runOnlyForDeploymentPostprocessing = 0;
			shellPath = /bin/sh;
			shellScript = "if which swiftlint >/dev/null; then\n  swiftlint\nelse\n  echo \"warning: SwiftLint not installed. Run: brew install swiftlint\"\nfi\n";
		};
/* End PBXShellScriptBuildPhase section */

/* Begin PBXSourcesBuildPhase section */
		5538671AA3B3338E2847BE44 /* Sources */ = {
			isa = PBXSourcesBuildPhase;
			buildActionMask = 2147483647;
			files = (
				E0C4844592EA65246C9EC5C5 /* ClipboardItemRowTests.swift in Sources */,
				414FB5F0ACA73DDFF4562450 /* ClipboardItemTests.swift in Sources */,
				327D4E28765DDBA110807CBC /* ClipboardMonitorTests.swift in Sources */,
				7D06F010CEA290AA290A0335 /* ClipboardStoreTrashTests.swift in Sources */,
				EDD4772BEACF49926B32ECA9 /* ConcurrencyTests.swift in Sources */,
				17DD4FBBF0E756DA8D26C43C /* CryptoServiceTests.swift in Sources */,
				A0EB5CF9B762950F8A8B0842 /* HotKeyManagerTests.swift in Sources */,
				015F6AFCB7E44CD524CD45FB /* ImageStorageTests.swift in Sources */,
				7B94EA436B48E0E9CCCA9C91 /* IntegrationTests.swift in Sources */,
				F9D0CA5FF9ADDF71F71F9F72 /* NewTagLogicTests.swift in Sources */,
				A1B5889D4E6AD5DC1F5BDFE4 /* ReleaseReadinessTests.swift in Sources */,
				4E3B3A3265DFB035AF5126DA /* SensitiveDetectorTests.swift in Sources */,
				54F261AE8D07081366242530 /* SidebarTagFilterTests.swift in Sources */,
				055A727AD6959252460C8B34 /* TagChipStackTests.swift in Sources */,
				138C340D07ADB674B5C48BE0 /* TagPickerLogicTests.swift in Sources */,
				269F1A9BFA88C2439590FF02 /* TagTests.swift in Sources */,
				307DEAA710C13CDCC41CD310 /* WindowManagerTests.swift in Sources */,
			);
			runOnlyForDeploymentPostprocessing = 0;
		};
		D1DDC7454E05F9AB4F29A47B /* Sources */ = {
			isa = PBXSourcesBuildPhase;
			buildActionMask = 2147483647;
			files = (
				A9458EE0D526D8B63812E216 /* AppDelegate.swift in Sources */,
				7ABA4BDB3BC1036DA760C3D1 /* AppPickerRow.swift in Sources */,
				8AE3D6EABA7C52180921E9EE /* AppVersion.swift in Sources */,
				E77E5CDEAD35A99186F367F2 /* ClipboardItem.swift in Sources */,
				282BB5C167E6660EE11B9A26 /* ClipboardItemRow.swift in Sources */,
				3F86CCA09C748C2CC0687BD8 /* ClipboardMonitor.swift in Sources */,
				A9DC6DB797E74F073944C008 /* ClipboardMonitorDelegate.swift in Sources */,
				BF8CC00B3E0A62207FBAE413 /* ClipboardStore.swift in Sources */,
				E2D37FD02B4E86B5F2E4DAAD /* ColorHex.swift in Sources */,
				919909C13EFD40D730CCD15E /* ContentView.swift in Sources */,
				EC9B8E180D5B18F679F1E86D /* CryptoService.swift in Sources */,
				E4E018508855F4D12CE92115 /* DateFilterButton.swift in Sources */,
				BB9FF1079BD872DBDAC1B04E /* DateHelpers.swift in Sources */,
				4D21B894BBC408664F1CF2D4 /* FlowLayout.swift in Sources */,
				C47E38577908698BFCED810A /* FontScaling.swift in Sources */,
				BF99838DB5542B7C90464048 /* HotKeyManager.swift in Sources */,
				54EB58BA9A8F29C3E48C7DE6 /* ImageStorage.swift in Sources */,
				62C5F5C7A987756BC54DA5A3 /* KeyCaptureView.swift in Sources */,
				83892A798C8F07BCB2A87488 /* LanguageManager.swift in Sources */,
				CFAB8A339B7A88AA06E4FF28 /* LocalizationService.swift in Sources */,
				68A5470D43D3DC52FC731B8A /* LogoView.swift in Sources */,
				B27B2167A30C48F86AC9423D /* NewTagLogic.swift in Sources */,
				93109F965CEB492A3D5BA11F /* NewTagSheet.swift in Sources */,
				CA65D74CB492C0091B80457F /* QuickBarView.swift in Sources */,
				05B522BBFEF4D65D6406CD6B /* ServiceProtocols.swift in Sources */,
				75B8EB8E40E9E24D5A74C858 /* SidebarTagFilter.swift in Sources */,
				06C5686BE8DC751A264BAA96 /* SidebarTagRow.swift in Sources */,
				B262EF7A5FC194FCDFACED79 /* StorageBackend.swift in Sources */,
				0418C3486D2FBD3908758E5C /* Tag.swift in Sources */,
				38A15F5CDD3D5D10782D3B85 /* TagChip.swift in Sources */,
				208F4BF6E430F102A46772DE /* TagChipStack.swift in Sources */,
				6AC71D8A8F44EA37B7F7F486 /* TagPickerLogic.swift in Sources */,
				81520509F9D37309F19E9B2B /* TagPickerSheet.swift in Sources */,
				C431096E0E6E1E3109E5BB97 /* TagSuggestion.swift in Sources */,
				31703362387388224F14C74C /* TipsView.swift in Sources */,
				AEDADD5501035A250ED77887 /* TrashItemRow.swift in Sources */,
				B5E8195E9EA0DB0AD0C8C23D /* WelcomeView.swift in Sources */,
				680A6DBC49D7A6C7AADE7DBB /* WindowManager.swift in Sources */,
				7F23EF5F15D0EE3F180A79E3 /* main.swift in Sources */,
			);
			runOnlyForDeploymentPostprocessing = 0;
		};
/* End PBXSourcesBuildPhase section */

/* Begin PBXTargetDependency section */
		FB8B30309E38F1335189D3AE /* PBXTargetDependency */ = {
			isa = PBXTargetDependency;
			target = 9987ADA675CFD544E6EE71FE /* ClipMemory */;
			targetProxy = F26AF1345281B26F6E530112 /* PBXContainerItemProxy */;
		};
/* End PBXTargetDependency section */

/* Begin PBXVariantGroup section */
		031A31F7A3F610D547F9908B /* Localizable.strings */ = {
			isa = PBXVariantGroup;
			children = (
				B03BAB1E9E84361A3845CEA9 /* en */,
				328C384747141E7DB4D8F7C3 /* es */,
				F7519AADC0EF0620BA2EB0E9 /* ja */,
				443EB217154D9B586C055F7D /* ko */,
				0C9963FD4A541FEC742939FC /* pt */,
				39A66E3A5ABC7317320C7A62 /* zh-Hans */,
				1A8ED97CA49FF8F747A96CBF /* zh-Hant */,
			);
			name = Localizable.strings;
			sourceTree = "<group>";
		};
/* End PBXVariantGroup section */

/* Begin XCBuildConfiguration section */
		0944F6094C5FF680E9B149DF /* Release */ = {
			isa = XCBuildConfiguration;
			buildSettings = {
				BUNDLE_LOADER = "$(TEST_HOST)";
				CODE_SIGN_ENTITLEMENTS = Tests/ClipMemoryTests/ClipMemoryTests.entitlements;
				COMBINE_HIDPI_IMAGES = YES;
				ENABLE_HARDENED_RUNTIME = YES;
				GENERATE_INFOPLIST_FILE = YES;
				INFOPLIST_FILE = Tests/ClipMemoryTests/Info.plist;
				INFOPLIST_KEY_CFBundleDevelopmentRegion = en;
				INFOPLIST_KEY_CFBundleExecutable = "$(EXECUTABLE_NAME)";
				INFOPLIST_KEY_CFBundleIdentifier = "$(PRODUCT_BUNDLE_IDENTIFIER)";
				INFOPLIST_KEY_CFBundleInfoDictionaryVersion = 6.0;
				INFOPLIST_KEY_CFBundleName = "$(PRODUCT_NAME)";
				INFOPLIST_KEY_CFBundlePackageType = BNDL;
				INFOPLIST_KEY_CFBundleShortVersionString = "$(MARKETING_VERSION)";
				INFOPLIST_KEY_CFBundleVersion = "$(CURRENT_PROJECT_VERSION)";
				LD_RUNPATH_SEARCH_PATHS = "$(inherited) @executable_path/../Frameworks @loader_path/../Frameworks";
				PRODUCT_BUNDLE_IDENTIFIER = com.clipmemory.app.tests;
				PRODUCT_MODULE_NAME = ClipMemoryTests;
				SDKROOT = macosx;
				SWIFT_EMIT_LOC_STRINGS = YES;
				TEST_HOST = "$(BUILT_PRODUCTS_DIR)/ClipMemory.app/Contents/MacOS/ClipMemory";
			};
			name = Release;
		};
		1C0175D0C58555F7E263088D /* Release */ = {
			isa = XCBuildConfiguration;
			buildSettings = {
				ALWAYS_SEARCH_USER_PATHS = NO;
				CLANG_ANALYZER_NONNULL = YES;
				CLANG_ANALYZER_NUMBER_OBJECT_CONVERSION = YES_AGGRESSIVE;
				CLANG_CXX_LANGUAGE_STANDARD = "gnu++14";
				CLANG_CXX_LIBRARY = "libc++";
				CLANG_ENABLE_MODULES = YES;
				CLANG_ENABLE_OBJC_ARC = YES;
				CLANG_ENABLE_OBJC_WEAK = YES;
				CLANG_WARN_BLOCK_CAPTURE_AUTORELEASING = YES;
				CLANG_WARN_BOOL_CONVERSION = YES;
				CLANG_WARN_COMMA = YES;
				CLANG_WARN_CONSTANT_CONVERSION = YES;
				CLANG_WARN_DEPRECATED_OBJC_IMPLEMENTATIONS = YES;
				CLANG_WARN_DIRECT_OBJC_ISA_USAGE = YES_ERROR;
				CLANG_WARN_DOCUMENTATION_COMMENTS = YES;
				CLANG_WARN_EMPTY_BODY = YES;
				CLANG_WARN_ENUM_CONVERSION = YES;
				CLANG_WARN_INFINITE_RECURSION = YES;
				CLANG_WARN_INT_CONVERSION = YES;
				CLANG_WARN_NON_LITERAL_NULL_CONVERSION = YES;
				CLANG_WARN_OBJC_IMPLICIT_RETAIN_SELF = YES;
				CLANG_WARN_OBJC_LITERAL_CONVERSION = YES;
				CLANG_WARN_OBJC_ROOT_CLASS = YES_ERROR;
				CLANG_WARN_QUOTED_INCLUDE_IN_FRAMEWORK_HEADER = YES;
				CLANG_WARN_RANGE_LOOP_ANALYSIS = YES;
				CLANG_WARN_STRICT_PROTOTYPES = YES;
				CLANG_WARN_SUSPICIOUS_MOVE = YES;
				CLANG_WARN_UNGUARDED_AVAILABILITY = YES_AGGRESSIVE;
				CLANG_WARN_UNREACHABLE_CODE = YES;
				CLANG_WARN__DUPLICATE_METHOD_MATCH = YES;
				CODE_SIGN_IDENTITY = "-";
				CODE_SIGN_STYLE = Manual;
				COPY_PHASE_STRIP = NO;
				CURRENT_PROJECT_VERSION = 2.4.0;
				DEBUG_INFORMATION_FORMAT = "dwarf-with-dsym";
				DEVELOPMENT_TEAM = "";
				ENABLE_NS_ASSERTIONS = NO;
				ENABLE_STRICT_OBJC_MSGSEND = YES;
				GCC_C_LANGUAGE_STANDARD = gnu11;
				GCC_NO_COMMON_BLOCKS = YES;
				GCC_WARN_64_TO_32_BIT_CONVERSION = YES;
				GCC_WARN_ABOUT_RETURN_TYPE = YES_ERROR;
				GCC_WARN_UNDECLARED_SELECTOR = YES;
				GCC_WARN_UNINITIALIZED_AUTOS = YES_AGGRESSIVE;
				GCC_WARN_UNUSED_FUNCTION = YES;
				GCC_WARN_UNUSED_VARIABLE = YES;
				MACOSX_DEPLOYMENT_TARGET = 13.0;
				MARKETING_VERSION = 2.4.0;
				MTL_ENABLE_DEBUG_INFO = NO;
				MTL_FAST_MATH = YES;
				PRODUCT_NAME = ClipMemory;
				SDKROOT = macosx;
				SWIFT_COMPILATION_MODE = wholemodule;
				SWIFT_OPTIMIZATION_LEVEL = "-O";
				SWIFT_VERSION = 5.9;
			};
			name = Release;
		};
		4D1795C809BD54C5CABB3589 /* Debug */ = {
			isa = XCBuildConfiguration;
			buildSettings = {
				ASSETCATALOG_COMPILER_APPICON_NAME = AppIcon;
				CODE_SIGN_ENTITLEMENTS = ClipMemory/ClipMemory.entitlements;
				COMBINE_HIDPI_IMAGES = YES;
				ENABLE_HARDENED_RUNTIME = YES;
				INFOPLIST_FILE = ClipMemory/Info.plist;
				LD_RUNPATH_SEARCH_PATHS = "$(inherited) @executable_path/../Frameworks";
				PRODUCT_BUNDLE_IDENTIFIER = com.clipmemory.app;
				SDKROOT = macosx;
			};
			name = Debug;
		};
		50CFF73BA429AC9214098806 /* Debug */ = {
			isa = XCBuildConfiguration;
			buildSettings = {
				ALWAYS_SEARCH_USER_PATHS = NO;
				CLANG_ANALYZER_NONNULL = YES;
				CLANG_ANALYZER_NUMBER_OBJECT_CONVERSION = YES_AGGRESSIVE;
				CLANG_CXX_LANGUAGE_STANDARD = "gnu++14";
				CLANG_CXX_LIBRARY = "libc++";
				CLANG_ENABLE_MODULES = YES;
				CLANG_ENABLE_OBJC_ARC = YES;
				CLANG_ENABLE_OBJC_WEAK = YES;
				CLANG_WARN_BLOCK_CAPTURE_AUTORELEASING = YES;
				CLANG_WARN_BOOL_CONVERSION = YES;
				CLANG_WARN_COMMA = YES;
				CLANG_WARN_CONSTANT_CONVERSION = YES;
				CLANG_WARN_DEPRECATED_OBJC_IMPLEMENTATIONS = YES;
				CLANG_WARN_DIRECT_OBJC_ISA_USAGE = YES_ERROR;
				CLANG_WARN_DOCUMENTATION_COMMENTS = YES;
				CLANG_WARN_EMPTY_BODY = YES;
				CLANG_WARN_ENUM_CONVERSION = YES;
				CLANG_WARN_INFINITE_RECURSION = YES;
				CLANG_WARN_INT_CONVERSION = YES;
				CLANG_WARN_NON_LITERAL_NULL_CONVERSION = YES;
				CLANG_WARN_OBJC_IMPLICIT_RETAIN_SELF = YES;
				CLANG_WARN_OBJC_LITERAL_CONVERSION = YES;
				CLANG_WARN_OBJC_ROOT_CLASS = YES_ERROR;
				CLANG_WARN_QUOTED_INCLUDE_IN_FRAMEWORK_HEADER = YES;
				CLANG_WARN_RANGE_LOOP_ANALYSIS = YES;
				CLANG_WARN_STRICT_PROTOTYPES = YES;
				CLANG_WARN_SUSPICIOUS_MOVE = YES;
				CLANG_WARN_UNGUARDED_AVAILABILITY = YES_AGGRESSIVE;
				CLANG_WARN_UNREACHABLE_CODE = YES;
				CLANG_WARN__DUPLICATE_METHOD_MATCH = YES;
				CODE_SIGN_IDENTITY = "-";
				CODE_SIGN_STYLE = Manual;
				COPY_PHASE_STRIP = NO;
				CURRENT_PROJECT_VERSION = 2.4.0;
				DEBUG_INFORMATION_FORMAT = dwarf;
				DEVELOPMENT_TEAM = "";
				ENABLE_STRICT_OBJC_MSGSEND = YES;
				ENABLE_TESTABILITY = YES;
				GCC_C_LANGUAGE_STANDARD = gnu11;
				GCC_DYNAMIC_NO_PIC = NO;
				GCC_NO_COMMON_BLOCKS = YES;
				GCC_OPTIMIZATION_LEVEL = 0;
				GCC_PREPROCESSOR_DEFINITIONS = (
					"$(inherited)",
					"DEBUG=1",
				);
				GCC_WARN_64_TO_32_BIT_CONVERSION = YES;
				GCC_WARN_ABOUT_RETURN_TYPE = YES_ERROR;
				GCC_WARN_UNDECLARED_SELECTOR = YES;
				GCC_WARN_UNINITIALIZED_AUTOS = YES_AGGRESSIVE;
				GCC_WARN_UNUSED_FUNCTION = YES;
				GCC_WARN_UNUSED_VARIABLE = YES;
				MACOSX_DEPLOYMENT_TARGET = 13.0;
				MARKETING_VERSION = 2.4.0;
				MTL_ENABLE_DEBUG_INFO = INCLUDE_SOURCE;
				MTL_FAST_MATH = YES;
				ONLY_ACTIVE_ARCH = YES;
				PRODUCT_NAME = ClipMemory;
				SDKROOT = macosx;
				SWIFT_ACTIVE_COMPILATION_CONDITIONS = DEBUG;
				SWIFT_OPTIMIZATION_LEVEL = "-Onone";
				SWIFT_VERSION = 5.9;
			};
			name = Debug;
		};
		9554B14A5FF453DD6C51F530 /* Release */ = {
			isa = XCBuildConfiguration;
			buildSettings = {
				ASSETCATALOG_COMPILER_APPICON_NAME = AppIcon;
				CODE_SIGN_ENTITLEMENTS = ClipMemory/ClipMemory.entitlements;
				COMBINE_HIDPI_IMAGES = YES;
				ENABLE_HARDENED_RUNTIME = YES;
				INFOPLIST_FILE = ClipMemory/Info.plist;
				LD_RUNPATH_SEARCH_PATHS = "$(inherited) @executable_path/../Frameworks";
				PRODUCT_BUNDLE_IDENTIFIER = com.clipmemory.app;
				SDKROOT = macosx;
			};
			name = Release;
		};
		BE03C2ABB4E1514B98E8D3B3 /* Debug */ = {
			isa = XCBuildConfiguration;
			buildSettings = {
				BUNDLE_LOADER = "$(TEST_HOST)";
				CODE_SIGN_ENTITLEMENTS = Tests/ClipMemoryTests/ClipMemoryTests.entitlements;
				COMBINE_HIDPI_IMAGES = YES;
				ENABLE_HARDENED_RUNTIME = YES;
				GENERATE_INFOPLIST_FILE = YES;
				INFOPLIST_FILE = Tests/ClipMemoryTests/Info.plist;
				INFOPLIST_KEY_CFBundleDevelopmentRegion = en;
				INFOPLIST_KEY_CFBundleExecutable = "$(EXECUTABLE_NAME)";
				INFOPLIST_KEY_CFBundleIdentifier = "$(PRODUCT_BUNDLE_IDENTIFIER)";
				INFOPLIST_KEY_CFBundleInfoDictionaryVersion = 6.0;
				INFOPLIST_KEY_CFBundleName = "$(PRODUCT_NAME)";
				INFOPLIST_KEY_CFBundlePackageType = BNDL;
				INFOPLIST_KEY_CFBundleShortVersionString = "$(MARKETING_VERSION)";
				INFOPLIST_KEY_CFBundleVersion = "$(CURRENT_PROJECT_VERSION)";
				LD_RUNPATH_SEARCH_PATHS = "$(inherited) @executable_path/../Frameworks @loader_path/../Frameworks";
				PRODUCT_BUNDLE_IDENTIFIER = com.clipmemory.app.tests;
				PRODUCT_MODULE_NAME = ClipMemoryTests;
				SDKROOT = macosx;
				SWIFT_EMIT_LOC_STRINGS = YES;
				TEST_HOST = "$(BUILT_PRODUCTS_DIR)/ClipMemory.app/Contents/MacOS/ClipMemory";
			};
			name = Debug;
		};
/* End XCBuildConfiguration section */

/* Begin XCConfigurationList section */
		2575727B0232060395DE9303 /* Build configuration list for PBXNativeTarget "ClipMemoryTests" */ = {
			isa = XCConfigurationList;
			buildConfigurations = (
				BE03C2ABB4E1514B98E8D3B3 /* Debug */,
				0944F6094C5FF680E9B149DF /* Release */,
			);
			defaultConfigurationIsVisible = 0;
			defaultConfigurationName = Debug;
		};
		9079F144064022E30BA9BB91 /* Build configuration list for PBXNativeTarget "ClipMemory" */ = {
			isa = XCConfigurationList;
			buildConfigurations = (
				4D1795C809BD54C5CABB3589 /* Debug */,
				9554B14A5FF453DD6C51F530 /* Release */,
			);
			defaultConfigurationIsVisible = 0;
			defaultConfigurationName = Debug;
		};
		BF0F62693ED1B7B47253AB05 /* Build configuration list for PBXProject "ClipMemory" */ = {
			isa = XCConfigurationList;
			buildConfigurations = (
				50CFF73BA429AC9214098806 /* Debug */,
				1C0175D0C58555F7E263088D /* Release */,
			);
			defaultConfigurationIsVisible = 0;
			defaultConfigurationName = Debug;
		};
/* End XCConfigurationList section */
	};
	rootObject = F6943602E59D97E7377BC388 /* Project object */;
}
