// !$*UTF8*$!
{
	archiveVersion = 1;
	classes = {
	};
	objectVersion = 77;
	objects = {

/* Begin PBXBuildFile section */
		2F0DC3A136EC5E2A7F14E686 /* ClipboardStore.swift in Sources */ = {isa = PBXBuildFile; fileRef = C7DA028A30EF2DF580AF6D93 /* ClipboardStore.swift */; };
		39EF13FE91AC8AD4C7A4E91B /* LanguageManager.swift in Sources */ = {isa = PBXBuildFile; fileRef = 9D7E114ACBA7144BBA8496A6 /* LanguageManager.swift */; };
		4B5301643493C34AFA494838 /* Localizable.strings in Resources */ = {isa = PBXBuildFile; fileRef = F7E423EE2B4ADAA1AC240148 /* Localizable.strings */; };
		4B5C5113E5E77B99E93A4E91 /* main.swift in Sources */ = {isa = PBXBuildFile; fileRef = 20815CA14FD5FD21BB7DBF99 /* main.swift */; };
		711DCDC1BF5A296BF52888EC /* AppDelegate.swift in Sources */ = {isa = PBXBuildFile; fileRef = 070E0137745C7D6C224F0DC4 /* AppDelegate.swift */; };
		883763A3A3B25EE859BA47DC /* ContentView.swift in Sources */ = {isa = PBXBuildFile; fileRef = 1688AF93B1CB960196AD2783 /* ContentView.swift */; };
		9CCD097C9054AF2042E6BB36 /* ClipboardMonitor.swift in Sources */ = {isa = PBXBuildFile; fileRef = E4BCFD40B329340F94CD9A0A /* ClipboardMonitor.swift */; };
		A15334BFF0ED178F2CE20AAC /* HotKeyManager.swift in Sources */ = {isa = PBXBuildFile; fileRef = 6A768DB1A8129716F5E2C13A /* HotKeyManager.swift */; };
		DD992F389100B2E4428FEF27 /* ClipboardItem.swift in Sources */ = {isa = PBXBuildFile; fileRef = 94E7877532C9687A4B486791 /* ClipboardItem.swift */; };
/* End PBXBuildFile section */

/* Begin PBXFileReference section */
		070E0137745C7D6C224F0DC4 /* AppDelegate.swift */ = {isa = PBXFileReference; lastKnownFileType = sourcecode.swift; path = AppDelegate.swift; sourceTree = "<group>"; };
		1688AF93B1CB960196AD2783 /* ContentView.swift */ = {isa = PBXFileReference; lastKnownFileType = sourcecode.swift; path = ContentView.swift; sourceTree = "<group>"; };
		20815CA14FD5FD21BB7DBF99 /* main.swift */ = {isa = PBXFileReference; lastKnownFileType = sourcecode.swift; path = main.swift; sourceTree = "<group>"; };
		4141F0B3BA0BD5A43A67B516 /* zh-Hans */ = {isa = PBXFileReference; lastKnownFileType = text.plist.strings; name = "zh-Hans"; path = "zh-Hans.lproj/Localizable.strings"; sourceTree = "<group>"; };
		659DCDE3FB43A6938761ADF5 /* Info.plist */ = {isa = PBXFileReference; lastKnownFileType = text.plist; path = Info.plist; sourceTree = "<group>"; };
		6A768DB1A8129716F5E2C13A /* HotKeyManager.swift */ = {isa = PBXFileReference; lastKnownFileType = sourcecode.swift; path = HotKeyManager.swift; sourceTree = "<group>"; };
		94E7877532C9687A4B486791 /* ClipboardItem.swift */ = {isa = PBXFileReference; lastKnownFileType = sourcecode.swift; path = ClipboardItem.swift; sourceTree = "<group>"; };
		9D7E114ACBA7144BBA8496A6 /* LanguageManager.swift */ = {isa = PBXFileReference; lastKnownFileType = sourcecode.swift; path = LanguageManager.swift; sourceTree = "<group>"; };
		B6F904995EC2FC12E675D821 /* en */ = {isa = PBXFileReference; lastKnownFileType = text.plist.strings; name = en; path = en.lproj/Localizable.strings; sourceTree = "<group>"; };
		C7DA028A30EF2DF580AF6D93 /* ClipboardStore.swift */ = {isa = PBXFileReference; lastKnownFileType = sourcecode.swift; path = ClipboardStore.swift; sourceTree = "<group>"; };
		CA7F721F286B5D447A3BB8D2 /* ClipPaste.app */ = {isa = PBXFileReference; explicitFileType = wrapper.application; includeInIndex = 0; path = ClipPaste.app; sourceTree = BUILT_PRODUCTS_DIR; };
		E122E0C8C17F5AEFC6DF95AC /* ClipPaste.entitlements */ = {isa = PBXFileReference; lastKnownFileType = text.plist.entitlements; path = ClipPaste.entitlements; sourceTree = "<group>"; };
		E4BCFD40B329340F94CD9A0A /* ClipboardMonitor.swift */ = {isa = PBXFileReference; lastKnownFileType = sourcecode.swift; path = ClipboardMonitor.swift; sourceTree = "<group>"; };
/* End PBXFileReference section */

/* Begin PBXGroup section */
		049A9ECBED4E914D7B466922 /* Models */ = {
			isa = PBXGroup;
			children = (
				94E7877532C9687A4B486791 /* ClipboardItem.swift */,
			);
			path = Models;
			sourceTree = "<group>";
		};
		0EEC4F9AB2C10413DDA639FB /* Utilities */ = {
			isa = PBXGroup;
			children = (
			);
			path = Utilities;
			sourceTree = "<group>";
		};
		27F2EC156EEE529106F20DCE /* Views */ = {
			isa = PBXGroup;
			children = (
				1688AF93B1CB960196AD2783 /* ContentView.swift */,
			);
			path = Views;
			sourceTree = "<group>";
		};
		40B764D59C29332E7C7D3687 /* Services */ = {
			isa = PBXGroup;
			children = (
				E4BCFD40B329340F94CD9A0A /* ClipboardMonitor.swift */,
				C7DA028A30EF2DF580AF6D93 /* ClipboardStore.swift */,
				6A768DB1A8129716F5E2C13A /* HotKeyManager.swift */,
				9D7E114ACBA7144BBA8496A6 /* LanguageManager.swift */,
			);
			path = Services;
			sourceTree = "<group>";
		};
		578E0B918B6DC13821C8BD90 /* Resources */ = {
			isa = PBXGroup;
			children = (
			);
			path = Resources;
			sourceTree = "<group>";
		};
		762E37AFCE119681E54D407B /* ClipPaste */ = {
			isa = PBXGroup;
			children = (
				070E0137745C7D6C224F0DC4 /* AppDelegate.swift */,
				E122E0C8C17F5AEFC6DF95AC /* ClipPaste.entitlements */,
				659DCDE3FB43A6938761ADF5 /* Info.plist */,
				20815CA14FD5FD21BB7DBF99 /* main.swift */,
				F7E423EE2B4ADAA1AC240148 /* Localizable.strings */,
				049A9ECBED4E914D7B466922 /* Models */,
				578E0B918B6DC13821C8BD90 /* Resources */,
				40B764D59C29332E7C7D3687 /* Services */,
				0EEC4F9AB2C10413DDA639FB /* Utilities */,
				27F2EC156EEE529106F20DCE /* Views */,
			);
			path = ClipPaste;
			sourceTree = "<group>";
		};
		79AA8D85278BA8FB37F6B1E7 /* Products */ = {
			isa = PBXGroup;
			children = (
				CA7F721F286B5D447A3BB8D2 /* ClipPaste.app */,
			);
			name = Products;
			sourceTree = "<group>";
		};
		B502CEBD927EEDD55D097571 = {
			isa = PBXGroup;
			children = (
				762E37AFCE119681E54D407B /* ClipPaste */,
				79AA8D85278BA8FB37F6B1E7 /* Products */,
			);
			sourceTree = "<group>";
		};
/* End PBXGroup section */

/* Begin PBXNativeTarget section */
		BC336582D2A00504EDC982EA /* ClipPaste */ = {
			isa = PBXNativeTarget;
			buildConfigurationList = 968EC562B8F2E907895E50BC /* Build configuration list for PBXNativeTarget "ClipPaste" */;
			buildPhases = (
				F29DB77C0EADCEE1B8162D87 /* Sources */,
				9CDFC259FAA72744792AACA9 /* Resources */,
			);
			buildRules = (
			);
			dependencies = (
			);
			name = ClipPaste;
			packageProductDependencies = (
			);
			productName = ClipPaste;
			productReference = CA7F721F286B5D447A3BB8D2 /* ClipPaste.app */;
			productType = "com.apple.product-type.application";
		};
/* End PBXNativeTarget section */

/* Begin PBXProject section */
		6BEEFBD55D492347BAAC1787 /* Project object */ = {
			isa = PBXProject;
			attributes = {
				BuildIndependentTargetsInParallel = YES;
				LastUpgradeCheck = 1500;
				TargetAttributes = {
					BC336582D2A00504EDC982EA = {
						DevelopmentTeam = "";
						ProvisioningStyle = Manual;
					};
				};
			};
			buildConfigurationList = 76C301ED7E4DD773F51FBFED /* Build configuration list for PBXProject "ClipPaste" */;
			developmentRegion = en;
			hasScannedForEncodings = 0;
			knownRegions = (
				Base,
				en,
				"zh-Hans",
			);
			mainGroup = B502CEBD927EEDD55D097571;
			minimizedProjectReferenceProxies = 1;
			preferredProjectObjectVersion = 77;
			productRefGroup = 79AA8D85278BA8FB37F6B1E7 /* Products */;
			projectDirPath = "";
			projectRoot = "";
			targets = (
				BC336582D2A00504EDC982EA /* ClipPaste */,
			);
		};
/* End PBXProject section */

/* Begin PBXResourcesBuildPhase section */
		9CDFC259FAA72744792AACA9 /* Resources */ = {
			isa = PBXResourcesBuildPhase;
			buildActionMask = 2147483647;
			files = (
				4B5301643493C34AFA494838 /* Localizable.strings in Resources */,
			);
			runOnlyForDeploymentPostprocessing = 0;
		};
/* End PBXResourcesBuildPhase section */

/* Begin PBXSourcesBuildPhase section */
		F29DB77C0EADCEE1B8162D87 /* Sources */ = {
			isa = PBXSourcesBuildPhase;
			buildActionMask = 2147483647;
			files = (
				711DCDC1BF5A296BF52888EC /* AppDelegate.swift in Sources */,
				DD992F389100B2E4428FEF27 /* ClipboardItem.swift in Sources */,
				9CCD097C9054AF2042E6BB36 /* ClipboardMonitor.swift in Sources */,
				2F0DC3A136EC5E2A7F14E686 /* ClipboardStore.swift in Sources */,
				883763A3A3B25EE859BA47DC /* ContentView.swift in Sources */,
				A15334BFF0ED178F2CE20AAC /* HotKeyManager.swift in Sources */,
				39EF13FE91AC8AD4C7A4E91B /* LanguageManager.swift in Sources */,
				4B5C5113E5E77B99E93A4E91 /* main.swift in Sources */,
			);
			runOnlyForDeploymentPostprocessing = 0;
		};
/* End PBXSourcesBuildPhase section */

/* Begin PBXVariantGroup section */
		F7E423EE2B4ADAA1AC240148 /* Localizable.strings */ = {
			isa = PBXVariantGroup;
			children = (
				B6F904995EC2FC12E675D821 /* en */,
				4141F0B3BA0BD5A43A67B516 /* zh-Hans */,
			);
			name = Localizable.strings;
			sourceTree = "<group>";
		};
/* End PBXVariantGroup section */

/* Begin XCBuildConfiguration section */
		731B1D36066B3D717C02B558 /* Debug */ = {
			isa = XCBuildConfiguration;
			buildSettings = {
				ASSETCATALOG_COMPILER_APPICON_NAME = AppIcon;
				CODE_SIGN_ENTITLEMENTS = ClipPaste/ClipPaste.entitlements;
				COMBINE_HIDPI_IMAGES = YES;
				ENABLE_HARDENED_RUNTIME = YES;
				INFOPLIST_FILE = ClipPaste/Info.plist;
				LD_RUNPATH_SEARCH_PATHS = "$(inherited) @executable_path/../Frameworks";
				PRODUCT_BUNDLE_IDENTIFIER = com.clippaste.app;
				SDKROOT = macosx;
			};
			name = Debug;
		};
		B2D4977A36FA27A1C05D5B5A /* Release */ = {
			isa = XCBuildConfiguration;
			buildSettings = {
				ALWAYS_SEARCH_USER_PATHS = NO;
				CLANG_ANALYZER_NONNULL = YES;
				CLANG_ANALYZER_NUMBER_OBJECT_CONVERSION = YES_AGGRESSIVE;
				CLANG_CXX_LANGUAGE_STANDARD = "gnu++14";
				CLANG_CXX_LIBRARY = "libc++";
				CLANG_ENABLE_MODULES = YES;
				CLANG_ENABLE_OBJC_ARC = YES;
				CLANG_ENABLE_OBJC_WEAK = YES;
				CLANG_WARN_BLOCK_CAPTURE_AUTORELEASING = YES;
				CLANG_WARN_BOOL_CONVERSION = YES;
				CLANG_WARN_COMMA = YES;
				CLANG_WARN_CONSTANT_CONVERSION = YES;
				CLANG_WARN_DEPRECATED_OBJC_IMPLEMENTATIONS = YES;
				CLANG_WARN_DIRECT_OBJC_ISA_USAGE = YES_ERROR;
				CLANG_WARN_DOCUMENTATION_COMMENTS = YES;
				CLANG_WARN_EMPTY_BODY = YES;
				CLANG_WARN_ENUM_CONVERSION = YES;
				CLANG_WARN_INFINITE_RECURSION = YES;
				CLANG_WARN_INT_CONVERSION = YES;
				CLANG_WARN_NON_LITERAL_NULL_CONVERSION = YES;
				CLANG_WARN_OBJC_IMPLICIT_RETAIN_SELF = YES;
				CLANG_WARN_OBJC_LITERAL_CONVERSION = YES;
				CLANG_WARN_OBJC_ROOT_CLASS = YES_ERROR;
				CLANG_WARN_QUOTED_INCLUDE_IN_FRAMEWORK_HEADER = YES;
				CLANG_WARN_RANGE_LOOP_ANALYSIS = YES;
				CLANG_WARN_STRICT_PROTOTYPES = YES;
				CLANG_WARN_SUSPICIOUS_MOVE = YES;
				CLANG_WARN_UNGUARDED_AVAILABILITY = YES_AGGRESSIVE;
				CLANG_WARN_UNREACHABLE_CODE = YES;
				CLANG_WARN__DUPLICATE_METHOD_MATCH = YES;
				CODE_SIGN_IDENTITY = "-";
				CODE_SIGN_STYLE = Manual;
				COPY_PHASE_STRIP = NO;
				CURRENT_PROJECT_VERSION = 1;
				DEBUG_INFORMATION_FORMAT = "dwarf-with-dsym";
				DEVELOPMENT_TEAM = "";
				ENABLE_NS_ASSERTIONS = NO;
				ENABLE_STRICT_OBJC_MSGSEND = YES;
				GCC_C_LANGUAGE_STANDARD = gnu11;
				GCC_NO_COMMON_BLOCKS = YES;
				GCC_WARN_64_TO_32_BIT_CONVERSION = YES;
				GCC_WARN_ABOUT_RETURN_TYPE = YES_ERROR;
				GCC_WARN_UNDECLARED_SELECTOR = YES;
				GCC_WARN_UNINITIALIZED_AUTOS = YES_AGGRESSIVE;
				GCC_WARN_UNUSED_FUNCTION = YES;
				GCC_WARN_UNUSED_VARIABLE = YES;
				MACOSX_DEPLOYMENT_TARGET = 13.0;
				MARKETING_VERSION = 1.0.0;
				MTL_ENABLE_DEBUG_INFO = NO;
				MTL_FAST_MATH = YES;
				PRODUCT_NAME = ClipPaste;
				SDKROOT = macosx;
				SWIFT_COMPILATION_MODE = wholemodule;
				SWIFT_OPTIMIZATION_LEVEL = "-O";
				SWIFT_VERSION = 5.9;
			};
			name = Release;
		};
		C17267DF0462EDCEE8240307 /* Debug */ = {
			isa = XCBuildConfiguration;
			buildSettings = {
				ALWAYS_SEARCH_USER_PATHS = NO;
				CLANG_ANALYZER_NONNULL = YES;
				CLANG_ANALYZER_NUMBER_OBJECT_CONVERSION = YES_AGGRESSIVE;
				CLANG_CXX_LANGUAGE_STANDARD = "gnu++14";
				CLANG_CXX_LIBRARY = "libc++";
				CLANG_ENABLE_MODULES = YES;
				CLANG_ENABLE_OBJC_ARC = YES;
				CLANG_ENABLE_OBJC_WEAK = YES;
				CLANG_WARN_BLOCK_CAPTURE_AUTORELEASING = YES;
				CLANG_WARN_BOOL_CONVERSION = YES;
				CLANG_WARN_COMMA = YES;
				CLANG_WARN_CONSTANT_CONVERSION = YES;
				CLANG_WARN_DEPRECATED_OBJC_IMPLEMENTATIONS = YES;
				CLANG_WARN_DIRECT_OBJC_ISA_USAGE = YES_ERROR;
				CLANG_WARN_DOCUMENTATION_COMMENTS = YES;
				CLANG_WARN_EMPTY_BODY = YES;
				CLANG_WARN_ENUM_CONVERSION = YES;
				CLANG_WARN_INFINITE_RECURSION = YES;
				CLANG_WARN_INT_CONVERSION = YES;
				CLANG_WARN_NON_LITERAL_NULL_CONVERSION = YES;
				CLANG_WARN_OBJC_IMPLICIT_RETAIN_SELF = YES;
				CLANG_WARN_OBJC_LITERAL_CONVERSION = YES;
				CLANG_WARN_OBJC_ROOT_CLASS = YES_ERROR;
				CLANG_WARN_QUOTED_INCLUDE_IN_FRAMEWORK_HEADER = YES;
				CLANG_WARN_RANGE_LOOP_ANALYSIS = YES;
				CLANG_WARN_STRICT_PROTOTYPES = YES;
				CLANG_WARN_SUSPICIOUS_MOVE = YES;
				CLANG_WARN_UNGUARDED_AVAILABILITY = YES_AGGRESSIVE;
				CLANG_WARN_UNREACHABLE_CODE = YES;
				CLANG_WARN__DUPLICATE_METHOD_MATCH = YES;
				CODE_SIGN_IDENTITY = "-";
				CODE_SIGN_STYLE = Manual;
				COPY_PHASE_STRIP = NO;
				CURRENT_PROJECT_VERSION = 1;
				DEBUG_INFORMATION_FORMAT = dwarf;
				DEVELOPMENT_TEAM = "";
				ENABLE_STRICT_OBJC_MSGSEND = YES;
				ENABLE_TESTABILITY = YES;
				GCC_C_LANGUAGE_STANDARD = gnu11;
				GCC_DYNAMIC_NO_PIC = NO;
				GCC_NO_COMMON_BLOCKS = YES;
				GCC_OPTIMIZATION_LEVEL = 0;
				GCC_PREPROCESSOR_DEFINITIONS = (
					"$(inherited)",
					"DEBUG=1",
				);
				GCC_WARN_64_TO_32_BIT_CONVERSION = YES;
				GCC_WARN_ABOUT_RETURN_TYPE = YES_ERROR;
				GCC_WARN_UNDECLARED_SELECTOR = YES;
				GCC_WARN_UNINITIALIZED_AUTOS = YES_AGGRESSIVE;
				GCC_WARN_UNUSED_FUNCTION = YES;
				GCC_WARN_UNUSED_VARIABLE = YES;
				MACOSX_DEPLOYMENT_TARGET = 13.0;
				MARKETING_VERSION = 1.0.0;
				MTL_ENABLE_DEBUG_INFO = INCLUDE_SOURCE;
				MTL_FAST_MATH = YES;
				ONLY_ACTIVE_ARCH = YES;
				PRODUCT_NAME = ClipPaste;
				SDKROOT = macosx;
				SWIFT_ACTIVE_COMPILATION_CONDITIONS = DEBUG;
				SWIFT_OPTIMIZATION_LEVEL = "-Onone";
				SWIFT_VERSION = 5.9;
			};
			name = Debug;
		};
		D5AC42459547CB47BCE2EDB8 /* Release */ = {
			isa = XCBuildConfiguration;
			buildSettings = {
				ASSETCATALOG_COMPILER_APPICON_NAME = AppIcon;
				CODE_SIGN_ENTITLEMENTS = ClipPaste/ClipPaste.entitlements;
				COMBINE_HIDPI_IMAGES = YES;
				ENABLE_HARDENED_RUNTIME = YES;
				INFOPLIST_FILE = ClipPaste/Info.plist;
				LD_RUNPATH_SEARCH_PATHS = "$(inherited) @executable_path/../Frameworks";
				PRODUCT_BUNDLE_IDENTIFIER = com.clippaste.app;
				SDKROOT = macosx;
			};
			name = Release;
		};
/* End XCBuildConfiguration section */

/* Begin XCConfigurationList section */
		76C301ED7E4DD773F51FBFED /* Build configuration list for PBXProject "ClipPaste" */ = {
			isa = XCConfigurationList;
			buildConfigurations = (
				C17267DF0462EDCEE8240307 /* Debug */,
				B2D4977A36FA27A1C05D5B5A /* Release */,
			);
			defaultConfigurationIsVisible = 0;
			defaultConfigurationName = Debug;
		};
		968EC562B8F2E907895E50BC /* Build configuration list for PBXNativeTarget "ClipPaste" */ = {
			isa = XCConfigurationList;
			buildConfigurations = (
				731B1D36066B3D717C02B558 /* Debug */,
				D5AC42459547CB47BCE2EDB8 /* Release */,
			);
			defaultConfigurationIsVisible = 0;
			defaultConfigurationName = Debug;
		};
/* End XCConfigurationList section */
	};
	rootObject = 6BEEFBD55D492347BAAC1787 /* Project object */;
}
